
Microsoft Visual Studio Solution File, Format Version 12.00
# Visual Studio Version 17
VisualStudioVersion = 17.9.34616.47
MinimumVisualStudioVersion = 10.0.40219.1
Project("{9A19103F-16F7-4668-BE54-9A1E7A4F7556}") = "Domain", "Domain\Domain.csproj", "{0E60F251-E3B4-4C77-B2C1-E411ABC2FB48}"
EndProject
Project("{9A19103F-16F7-4668-BE54-9A1E7A4F7556}") = "Infrastructure", "Infrastructure\Infrastructure.csproj", "{4431FD62-FDC2-4033-86A8-110BFBAE0C3B}"
EndProject
Project("{9A19103F-16F7-4668-BE54-9A1E7A4F7556}") = "Application.Contracts", "Application.Contracts\Application.Contracts.csproj", "{56167351-CD9B-4DF5-8B9B-A49781B64A61}"
EndProject
Project("{9A19103F-16F7-4668-BE54-9A1E7A4F7556}") = "Presention", "Presention\Presention.csproj", "{C3A850FF-00DB-4E64-85A2-3C044D0649CA}"
EndProject
Project("{2150E333-8FDC-42A3-9474-1A3956D46DE8}") = "HambaftManagement", "HambaftManagement", "{D4AB8592-059C-4DE4-8AFC-56DD1935551D}"
EndProject
Project("{9A19103F-16F7-4668-BE54-9A1E7A4F7556}") = "0_FrameWork", "0_FrameWork\0_FrameWork.csproj", "{1378C787-B511-4B63-940B-E2415D9ACF85}"
EndProject
Project("{9A19103F-16F7-4668-BE54-9A1E7A4F7556}") = "Application.Execution", "Application.Execution\Application.Execution.csproj", "{0DA415A4-392E-40FA-9FC3-217496AB5C34}"
EndProject
Project("{9A19103F-16F7-4668-BE54-9A1E7A4F7556}") = "HambaftManagement.Bootstraper", "HambaftManagement.Bootstraper\HambaftManagement.Bootstraper.csproj", "{D0F2A920-8420-42D7-A0A8-2F6FA82CC751}"
EndProject
Project("{9A19103F-16F7-4668-BE54-9A1E7A4F7556}") = "UIQuery", "UIQuery\UIQuery.csproj", "{7865E0E4-D9D7-4F71-B6E6-06DF2FB1F082}"
EndProject
Project("{2150E333-8FDC-42A3-9474-1A3956D46DE8}") = "PrinterZebraModule", "PrinterZebraModule", "{8E29D6CD-2D60-47F8-B3B8-B3BCF52C6F01}"
EndProject
Project("{9A19103F-16F7-4668-BE54-9A1E7A4F7556}") = "PrinterZebraModule", "PrinterZebraModule\PrinterZebraModule.csproj", "{A04B585E-B4DA-40C6-B65E-8561D2A2FF8C}"
EndProject
Project("{2150E333-8FDC-42A3-9474-1A3956D46DE8}") = "AccountManagement", "AccountManagement", "{DD7E19BA-5157-4126-85EF-AF73AAC6C8DB}"
EndProject
Project("{2150E333-8FDC-42A3-9474-1A3956D46DE8}") = "AM.Domain", "AM.Domain", "{9F0E84EB-FE48-46FD-BCAD-832B35F48AEE}"
EndProject
Project("{9A19103F-16F7-4668-BE54-9A1E7A4F7556}") = "AccountManagement.Domian", "AccountManagement.Domian\AccountManagement.Domian.csproj", "{4E52AB4B-C728-43E5-971C-A25AE36F8C57}"
EndProject
Project("{2150E333-8FDC-42A3-9474-1A3956D46DE8}") = "AM.Contract", "AM.Contract", "{61D75F0D-1F3E-4A00-96AB-CE069386F437}"
EndProject
Project("{9A19103F-16F7-4668-BE54-9A1E7A4F7556}") = "AccountManagement.Contract", "AccountManagement.Contract\AccountManagement.Contract.csproj", "{AD132AE3-8176-4302-AFB1-E7582D84FB01}"
EndProject
Project("{2150E333-8FDC-42A3-9474-1A3956D46DE8}") = "AM.Infrastructure", "AM.Infrastructure", "{84EC59B2-A8FA-4E3E-A7D7-1C84F4135D5D}"
EndProject
Project("{9A19103F-16F7-4668-BE54-9A1E7A4F7556}") = "AccountMangemenr.Infrastructure", "AccountMangemenr.Infrastructure\AccountMangemenr.Infrastructure.csproj", "{5D7BCB7E-99CD-4445-86C8-763CFD50FF9F}"
EndProject
Project("{2150E333-8FDC-42A3-9474-1A3956D46DE8}") = "AM.Application", "AM.Application", "{B1811917-2601-45CF-98CB-6F9739F001F1}"
EndProject
Project("{9A19103F-16F7-4668-BE54-9A1E7A4F7556}") = "AccontManagement.Application", "AccontManagement.Application\AccontManagement.Application.csproj", "{BC488AF2-6E67-4C3E-9DC8-9EEAA45C056C}"
EndProject
Project("{9A19103F-16F7-4668-BE54-9A1E7A4F7556}") = "AccountManagement.Bootstraper", "AccountManagement.Bootstraper\AccountManagement.Bootstraper.csproj", "{069EF8DD-F5F4-4A2E-88B3-B760709D76F2}"
EndProject
Global
	GlobalSection(SolutionConfigurationPlatforms) = preSolution
		Debug|Any CPU = Debug|Any CPU
		Release|Any CPU = Release|Any CPU
	EndGlobalSection
	GlobalSection(ProjectConfigurationPlatforms) = postSolution
		{0E60F251-E3B4-4C77-B2C1-E411ABC2FB48}.Debug|Any CPU.ActiveCfg = Debug|Any CPU
		{0E60F251-E3B4-4C77-B2C1-E411ABC2FB48}.Debug|Any CPU.Build.0 = Debug|Any CPU
		{0E60F251-E3B4-4C77-B2C1-E411ABC2FB48}.Release|Any CPU.ActiveCfg = Release|Any CPU
		{0E60F251-E3B4-4C77-B2C1-E411ABC2FB48}.Release|Any CPU.Build.0 = Release|Any CPU
		{4431FD62-FDC2-4033-86A8-110BFBAE0C3B}.Debug|Any CPU.ActiveCfg = Debug|Any CPU
		{4431FD62-FDC2-4033-86A8-110BFBAE0C3B}.Debug|Any CPU.Build.0 = Debug|Any CPU
		{4431FD62-FDC2-4033-86A8-110BFBAE0C3B}.Release|Any CPU.ActiveCfg = Release|Any CPU
		{4431FD62-FDC2-4033-86A8-110BFBAE0C3B}.Release|Any CPU.Build.0 = Release|Any CPU
		{56167351-CD9B-4DF5-8B9B-A49781B64A61}.Debug|Any CPU.ActiveCfg = Debug|Any CPU
		{56167351-CD9B-4DF5-8B9B-A49781B64A61}.Debug|Any CPU.Build.0 = Debug|Any CPU
		{56167351-CD9B-4DF5-8B9B-A49781B64A61}.Release|Any CPU.ActiveCfg = Release|Any CPU
		{56167351-CD9B-4DF5-8B9B-A49781B64A61}.Release|Any CPU.Build.0 = Release|Any CPU
		{C3A850FF-00DB-4E64-85A2-3C044D0649CA}.Debug|Any CPU.ActiveCfg = Debug|Any CPU
		{C3A850FF-00DB-4E64-85A2-3C044D0649CA}.Debug|Any CPU.Build.0 = Debug|Any CPU
		{C3A850FF-00DB-4E64-85A2-3C044D0649CA}.Release|Any CPU.ActiveCfg = Release|Any CPU
		{C3A850FF-00DB-4E64-85A2-3C044D0649CA}.Release|Any CPU.Build.0 = Release|Any CPU
		{1378C787-B511-4B63-940B-E2415D9ACF85}.Debug|Any CPU.ActiveCfg = Debug|Any CPU
		{1378C787-B511-4B63-940B-E2415D9ACF85}.Debug|Any CPU.Build.0 = Debug|Any CPU
		{1378C787-B511-4B63-940B-E2415D9ACF85}.Release|Any CPU.ActiveCfg = Release|Any CPU
		{1378C787-B511-4B63-940B-E2415D9ACF85}.Release|Any CPU.Build.0 = Release|Any CPU
		{0DA415A4-392E-40FA-9FC3-217496AB5C34}.Debug|Any CPU.ActiveCfg = Debug|Any CPU
		{0DA415A4-392E-40FA-9FC3-217496AB5C34}.Debug|Any CPU.Build.0 = Debug|Any CPU
		{0DA415A4-392E-40FA-9FC3-217496AB5C34}.Release|Any CPU.ActiveCfg = Release|Any CPU
		{0DA415A4-392E-40FA-9FC3-217496AB5C34}.Release|Any CPU.Build.0 = Release|Any CPU
		{D0F2A920-8420-42D7-A0A8-2F6FA82CC751}.Debug|Any CPU.ActiveCfg = Debug|Any CPU
		{D0F2A920-8420-42D7-A0A8-2F6FA82CC751}.Debug|Any CPU.Build.0 = Debug|Any CPU
		{D0F2A920-8420-42D7-A0A8-2F6FA82CC751}.Release|Any CPU.ActiveCfg = Release|Any CPU
		{D0F2A920-8420-42D7-A0A8-2F6FA82CC751}.Release|Any CPU.Build.0 = Release|Any CPU
		{7865E0E4-D9D7-4F71-B6E6-06DF2FB1F082}.Debug|Any CPU.ActiveCfg = Debug|Any CPU
		{7865E0E4-D9D7-4F71-B6E6-06DF2FB1F082}.Debug|Any CPU.Build.0 = Debug|Any CPU
		{7865E0E4-D9D7-4F71-B6E6-06DF2FB1F082}.Release|Any CPU.ActiveCfg = Release|Any CPU
		{7865E0E4-D9D7-4F71-B6E6-06DF2FB1F082}.Release|Any CPU.Build.0 = Release|Any CPU
		{A04B585E-B4DA-40C6-B65E-8561D2A2FF8C}.Debug|Any CPU.ActiveCfg = Debug|Any CPU
		{A04B585E-B4DA-40C6-B65E-8561D2A2FF8C}.Debug|Any CPU.Build.0 = Debug|Any CPU
		{A04B585E-B4DA-40C6-B65E-8561D2A2FF8C}.Release|Any CPU.ActiveCfg = Release|Any CPU
		{A04B585E-B4DA-40C6-B65E-8561D2A2FF8C}.Release|Any CPU.Build.0 = Release|Any CPU
		{4E52AB4B-C728-43E5-971C-A25AE36F8C57}.Debug|Any CPU.ActiveCfg = Debug|Any CPU
		{4E52AB4B-C728-43E5-971C-A25AE36F8C57}.Debug|Any CPU.Build.0 = Debug|Any CPU
		{4E52AB4B-C728-43E5-971C-A25AE36F8C57}.Release|Any CPU.ActiveCfg = Release|Any CPU
		{4E52AB4B-C728-43E5-971C-A25AE36F8C57}.Release|Any CPU.Build.0 = Release|Any CPU
		{AD132AE3-8176-4302-AFB1-E7582D84FB01}.Debug|Any CPU.ActiveCfg = Debug|Any CPU
		{AD132AE3-8176-4302-AFB1-E7582D84FB01}.Debug|Any CPU.Build.0 = Debug|Any CPU
		{AD132AE3-8176-4302-AFB1-E7582D84FB01}.Release|Any CPU.ActiveCfg = Release|Any CPU
		{AD132AE3-8176-4302-AFB1-E7582D84FB01}.Release|Any CPU.Build.0 = Release|Any CPU
		{5D7BCB7E-99CD-4445-86C8-763CFD50FF9F}.Debug|Any CPU.ActiveCfg = Debug|Any CPU
		{5D7BCB7E-99CD-4445-86C8-763CFD50FF9F}.Debug|Any CPU.Build.0 = Debug|Any CPU
		{5D7BCB7E-99CD-4445-86C8-763CFD50FF9F}.Release|Any CPU.ActiveCfg = Release|Any CPU
		{5D7BCB7E-99CD-4445-86C8-763CFD50FF9F}.Release|Any CPU.Build.0 = Release|Any CPU
		{BC488AF2-6E67-4C3E-9DC8-9EEAA45C056C}.Debug|Any CPU.ActiveCfg = Debug|Any CPU
		{BC488AF2-6E67-4C3E-9DC8-9EEAA45C056C}.Debug|Any CPU.Build.0 = Debug|Any CPU
		{BC488AF2-6E67-4C3E-9DC8-9EEAA45C056C}.Release|Any CPU.ActiveCfg = Release|Any CPU
		{BC488AF2-6E67-4C3E-9DC8-9EEAA45C056C}.Release|Any CPU.Build.0 = Release|Any CPU
		{069EF8DD-F5F4-4A2E-88B3-B760709D76F2}.Debug|Any CPU.ActiveCfg = Debug|Any CPU
		{069EF8DD-F5F4-4A2E-88B3-B760709D76F2}.Debug|Any CPU.Build.0 = Debug|Any CPU
		{069EF8DD-F5F4-4A2E-88B3-B760709D76F2}.Release|Any CPU.ActiveCfg = Release|Any CPU
		{069EF8DD-F5F4-4A2E-88B3-B760709D76F2}.Release|Any CPU.Build.0 = Release|Any CPU
	EndGlobalSection
	GlobalSection(SolutionProperties) = preSolution
		HideSolutionNode = FALSE
	EndGlobalSection
	GlobalSection(NestedProjects) = preSolution
		{0E60F251-E3B4-4C77-B2C1-E411ABC2FB48} = {D4AB8592-059C-4DE4-8AFC-56DD1935551D}
		{4431FD62-FDC2-4033-86A8-110BFBAE0C3B} = {D4AB8592-059C-4DE4-8AFC-56DD1935551D}
		{56167351-CD9B-4DF5-8B9B-A49781B64A61} = {D4AB8592-059C-4DE4-8AFC-56DD1935551D}
		{0DA415A4-392E-40FA-9FC3-217496AB5C34} = {D4AB8592-059C-4DE4-8AFC-56DD1935551D}
		{D0F2A920-8420-42D7-A0A8-2F6FA82CC751} = {D4AB8592-059C-4DE4-8AFC-56DD1935551D}
		{A04B585E-B4DA-40C6-B65E-8561D2A2FF8C} = {8E29D6CD-2D60-47F8-B3B8-B3BCF52C6F01}
		{9F0E84EB-FE48-46FD-BCAD-832B35F48AEE} = {DD7E19BA-5157-4126-85EF-AF73AAC6C8DB}
		{4E52AB4B-C728-43E5-971C-A25AE36F8C57} = {9F0E84EB-FE48-46FD-BCAD-832B35F48AEE}
		{61D75F0D-1F3E-4A00-96AB-CE069386F437} = {DD7E19BA-5157-4126-85EF-AF73AAC6C8DB}
		{AD132AE3-8176-4302-AFB1-E7582D84FB01} = {61D75F0D-1F3E-4A00-96AB-CE069386F437}
		{84EC59B2-A8FA-4E3E-A7D7-1C84F4135D5D} = {DD7E19BA-5157-4126-85EF-AF73AAC6C8DB}
		{5D7BCB7E-99CD-4445-86C8-763CFD50FF9F} = {84EC59B2-A8FA-4E3E-A7D7-1C84F4135D5D}
		{B1811917-2601-45CF-98CB-6F9739F001F1} = {DD7E19BA-5157-4126-85EF-AF73AAC6C8DB}
		{BC488AF2-6E67-4C3E-9DC8-9EEAA45C056C} = {B1811917-2601-45CF-98CB-6F9739F001F1}
		{069EF8DD-F5F4-4A2E-88B3-B760709D76F2} = {DD7E19BA-5157-4126-85EF-AF73AAC6C8DB}
	EndGlobalSection
	GlobalSection(ExtensibilityGlobals) = postSolution
		SolutionGuid = {026A748F-4ED3-463A-BEC1-6B6569EA50DE}
	EndGlobalSection
EndGlobal
